<?xml version="1.0" encoding="utf-8"?>
<Project ToolsVersion="4.0" xmlns="http://schemas.microsoft.com/developer/msbuild/2003">
  <ItemGroup>
    <Filter Include="Source Files">
      <UniqueIdentifier>{4FC737F1-C7A5-4376-A066-2A32D752A2FF}</UniqueIdentifier>
      <Extensions>cpp;c;cc;cxx;c++;cppm;ixx;def;odl;idl;hpj;bat;asm;asmx</Extensions>
    </Filter>
    <Filter Include="Header Files">
      <UniqueIdentifier>{93995380-89BD-4b04-88EB-625FBE52EBFB}</UniqueIdentifier>
      <Extensions>h;hh;hpp;hxx;h++;hm;inl;inc;ipp;xsd</Extensions>
    </Filter>
    <Filter Include="Resource Files">
      <UniqueIdentifier>{67DA6AB6-F800-4c08-8B7A-83BB121AAD01}</UniqueIdentifier>
      <Extensions>rc;ico;cur;bmp;dlg;rc2;rct;bin;rgs;gif;jpg;jpeg;jpe;resx;tiff;tif;png;wav;mfcribbon-ms</Extensions>
    </Filter>
  </ItemGroup>
  <ItemGroup>
    <ClInclude Include="src\imgui\imconfig.h">
      <Filter>Header Files</Filter>
    </ClInclude>
    <ClInclude Include="src\imgui\imgui.h">
      <Filter>Header Files</Filter>
    </ClInclude>
    <ClInclude Include="src\imgui\imgui_impl_win32.h">
      <Filter>Header Files</Filter>
    </ClInclude>
    <ClInclude Include="src\imgui\imgui_internal.h">
      <Filter>Header Files</Filter>
    </ClInclude>
    <ClInclude Include="src\imgui\imstb_rectpack.h">
      <Filter>Header Files</Filter>
    </ClInclude>
    <ClInclude Include="src\imgui\imstb_textedit.h">
      <Filter>Header Files</Filter>
    </ClInclude>
    <ClInclude Include="src\imgui\imstb_truetype.h">
      <Filter>Header Files</Filter>
    </ClInclude>
    <ClInclude Include="src\hooks\hooks.h">
      <Filter>Header Files</Filter>
    </ClInclude>
    <ClInclude Include="src\minhook\include\MinHook.h">
      <Filter>Header Files</Filter>
    </ClInclude>
    <ClInclude Include="src\minhook\src\hde\hde32.h">
      <Filter>Header Files</Filter>
    </ClInclude>
    <ClInclude Include="src\minhook\src\hde\hde64.h">
      <Filter>Header Files</Filter>
    </ClInclude>
    <ClInclude Include="src\minhook\src\hde\pstdint.h">
      <Filter>Header Files</Filter>
    </ClInclude>
    <ClInclude Include="src\minhook\src\hde\table32.h">
      <Filter>Header Files</Filter>
    </ClInclude>
    <ClInclude Include="src\minhook\src\hde\table64.h">
      <Filter>Header Files</Filter>
    </ClInclude>
    <ClInclude Include="src\minhook\src\buffer.h">
      <Filter>Header Files</Filter>
    </ClInclude>
    <ClInclude Include="src\minhook\src\trampoline.h">
      <Filter>Header Files</Filter>
    </ClInclude>
    <ClInclude Include="src\rendering\rendering.h">
      <Filter>Header Files</Filter>
    </ClInclude>
    <ClInclude Include="src\imgui\imgui_impl_opengl2.h">
      <Filter>Header Files</Filter>
    </ClInclude>
    <ClInclude Include="src\global.h">
      <Filter>Header Files</Filter>
    </ClInclude>
    <ClInclude Include="src\java\java.h">
      <Filter>Header Files</Filter>
    </ClInclude>
    <ClInclude Include="src\minecraft\minecraft.h">
      <Filter>Header Files</Filter>
    </ClInclude>
    <ClInclude Include="src\java\IClass.h">
      <Filter>Header Files</Filter>
    </ClInclude>
    <ClInclude Include="src\minecraft\client\EntityPlayerSP\EntityPlayerSP.h">
      <Filter>Header Files</Filter>
    </ClInclude>
    <ClInclude Include="src\minecraft\entity\Entity\Entity.h">
      <Filter>Header Files</Filter>
    </ClInclude>
    <ClInclude Include="src\minecraft\entity\EntityLivingBase\EntityLivingBase.h">
      <Filter>Header Files</Filter>
    </ClInclude>
    <ClInclude Include="src\minecraft\entity\EntityPlayer\EntityPlayer.h">
      <Filter>Header Files</Filter>
    </ClInclude>
    <ClInclude Include="src\minecraft\world\World\World.h">
      <Filter>Header Files</Filter>
    </ClInclude>
    <ClInclude Include="src\minecraft\client\WorldClient\WorldClient.h">
      <Filter>Header Files</Filter>
    </ClInclude>
    <ClInclude Include="src\rendering\helper.h">
      <Filter>Header Files</Filter>
    </ClInclude>
    <ClInclude Include="src\jnihook\include\jnihook.h">
      <Filter>Header Files</Filter>
    </ClInclude>
    <ClInclude Include="src\jnihook\include\jnihook.hpp">
      <Filter>Header Files</Filter>
    </ClInclude>
    <ClInclude Include="src\minecraft\network\S02PacketChat\S02PacketChat.h">
      <Filter>Header Files</Filter>
    </ClInclude>
    <ClInclude Include="src\HotSpot\HotSpot.hpp">
      <Filter>Header Files</Filter>
    </ClInclude>
    <ClInclude Include="src\JavaHook\JavaHook.h">
      <Filter>Header Files</Filter>
    </ClInclude>
    <ClInclude Include="src\JavaHook\Module.h">
      <Filter>Header Files</Filter>
    </ClInclude>
    <ClInclude Include="src\minecraft\client\NetHandlerPlayClient\NetHandlerPlayClient.h">
      <Filter>Header Files</Filter>
    </ClInclude>
    <ClInclude Include="src\minecraft\util\IChatComponent\IChatComponent.h">
      <Filter>Header Files</Filter>
    </ClInclude>
    <ClInclude Include="src\minecraft\client\multiplayer\PlayerControllerMP\PlayerControllerMP.h">
      <Filter>Header Files</Filter>
    </ClInclude>
    <ClInclude Include="src\minecraft\client\renderer\ActiveRenderInfo\ActiveRenderInfo.h">
      <Filter>Header Files</Filter>
    </ClInclude>
    <ClInclude Include="src\java\util\List.h">
      <Filter>Header Files</Filter>
    </ClInclude>
    <ClInclude Include="src\cache\cache.h">
      <Filter>Header Files</Filter>
    </ClInclude>
    <ClInclude Include="src\minecraft\util\Timer\Timer.h">
      <Filter>Header Files</Filter>
    </ClInclude>
    <ClInclude Include="src\java\lang\String.h">
      <Filter>Header Files</Filter>
    </ClInclude>
    <ClInclude Include="src\minecraft\client\renderer\entity\Render\Render.h">
      <Filter>Header Files</Filter>
    </ClInclude>
    <ClInclude Include="src\minecraft\client\renderer\entity\RenderPlayer\RenderPlayer.h">
      <Filter>Header Files</Filter>
    </ClInclude>
    <ClInclude Include="src\minecraft\client\renderer\entity\RenderLivingEntity\RenderLivingEntity.h">
      <Filter>Header Files</Filter>
    </ClInclude>
    <ClInclude Include="src\minecraft\client\entity\EntityOtherPlayerMP\EntityOtherPlayerMP.h">
      <Filter>Header Files</Filter>
    </ClInclude>
    <ClInclude Include="src\minecraft\client\entity\AbstractClientPlayer\AbstractClientPlayer.h">
      <Filter>Header Files</Filter>
    </ClInclude>
    <ClInclude Include="src\util\math\mathutils.h">
      <Filter>Header Files</Filter>
    </ClInclude>
    <ClInclude Include="src\util\math\vec.h">
      <Filter>Header Files</Filter>
    </ClInclude>
    <ClInclude Include="src\util\math\matrix.h">
      <Filter>Header Files</Filter>
    </ClInclude>
    <ClInclude Include="src\fv\PlayerType.h">
      <Filter>Header Files</Filter>
    </ClInclude>
    <ClInclude Include="src\java\nio\FloatBuffer\FloatBuffer.h">
      <Filter>Header Files</Filter>
    </ClInclude>
    <ClInclude Include="src\java\lang\Class.h">
      <Filter>Header Files</Filter>
    </ClInclude>
    <ClInclude Include="src\java\nio\DirectFloatBufferU\DirectFloatBufferU.h">
      <Filter>Header Files</Filter>
    </ClInclude>
    <ClInclude Include="src\java\nio\DirectIntBufferU\DirectIntBufferU.h">
      <Filter>Header Files</Filter>
    </ClInclude>
    <ClInclude Include="src\java\nio\IntBuffer\IntBuffer.h">
      <Filter>Header Files</Filter>
    </ClInclude>
    <ClInclude Include="src\minecraft\util\Vec3\Vec3.h">
      <Filter>Header Files</Filter>
    </ClInclude>
    <ClInclude Include="src\minecraft\client\renderer\entity\RenderManager\RenderManager.h">
      <Filter>Header Files</Filter>
    </ClInclude>
  </ItemGroup>
  <ItemGroup>
    <ClCompile Include="src\dllmain.cpp">
      <Filter>Source Files</Filter>
    </ClCompile>
    <ClCompile Include="src\imgui\imgui.cpp">
      <Filter>Source Files</Filter>
    </ClCompile>
    <ClCompile Include="src\imgui\imgui_demo.cpp">
      <Filter>Source Files</Filter>
    </ClCompile>
    <ClCompile Include="src\imgui\imgui_draw.cpp">
      <Filter>Source Files</Filter>
    </ClCompile>
    <ClCompile Include="src\imgui\imgui_impl_win32.cpp">
      <Filter>Source Files</Filter>
    </ClCompile>
    <ClCompile Include="src\imgui\imgui_tables.cpp">
      <Filter>Source Files</Filter>
    </ClCompile>
    <ClCompile Include="src\imgui\imgui_widgets.cpp">
      <Filter>Source Files</Filter>
    </ClCompile>
    <ClCompile Include="src\hooks\hooks.cpp">
      <Filter>Source Files</Filter>
    </ClCompile>
    <ClCompile Include="src\hooks\hk_wglSwapBuffers.cpp">
      <Filter>Source Files</Filter>
    </ClCompile>
    <ClCompile Include="src\minhook\src\hde\hde32.c">
      <Filter>Source Files</Filter>
    </ClCompile>
    <ClCompile Include="src\minhook\src\hde\hde64.c">
      <Filter>Source Files</Filter>
    </ClCompile>
    <ClCompile Include="src\minhook\src\buffer.c">
      <Filter>Source Files</Filter>
    </ClCompile>
    <ClCompile Include="src\minhook\src\hook.c">
      <Filter>Source Files</Filter>
    </ClCompile>
    <ClCompile Include="src\minhook\src\trampoline.c">
      <Filter>Source Files</Filter>
    </ClCompile>
    <ClCompile Include="src\rendering\rendering.cpp">
      <Filter>Source Files</Filter>
    </ClCompile>
    <ClCompile Include="src\hooks\hk_WndProc.cpp">
      <Filter>Source Files</Filter>
    </ClCompile>
    <ClCompile Include="src\imgui\imgui_impl_opengl2.cpp">
      <Filter>Source Files</Filter>
    </ClCompile>
    <ClCompile Include="src\java\java.cpp">
      <Filter>Source Files</Filter>
    </ClCompile>
    <ClCompile Include="src\minecraft\minecraft.cpp">
      <Filter>Source Files</Filter>
    </ClCompile>
    <ClCompile Include="src\minecraft\client\EntityPlayerSP\EntityPlayerSP.cpp">
      <Filter>Source Files</Filter>
    </ClCompile>
    <ClCompile Include="src\minecraft\entity\EntityLivingBase\EntityLivingBase.cpp">
      <Filter>Source Files</Filter>
    </ClCompile>
    <ClCompile Include="src\HotSpot\HotSpot.cpp">
      <Filter>Source Files</Filter>
    </ClCompile>
    <ClCompile Include="src\JavaHook\JavaHook.cpp">
      <Filter>Source Files</Filter>
    </ClCompile>
    <ClCompile Include="src\JavaHook\Module.cpp">
      <Filter>Source Files</Filter>
    </ClCompile>
    <ClCompile Include="src\hooks\jhk_handleChat.cpp">
      <Filter>Source Files</Filter>
    </ClCompile>
    <ClCompile Include="src\minecraft\network\S02PacketChat\S02PacketChat.cpp">
      <Filter>Source Files</Filter>
    </ClCompile>
    <ClCompile Include="src\minecraft\client\NetHandlerPlayClient\NetHandlerPlayClient.cpp">
      <Filter>Source Files</Filter>
    </ClCompile>
    <ClCompile Include="src\minecraft\entity\EntityPlayer\EntityPlayer.cpp">
      <Filter>Source Files</Filter>
    </ClCompile>
    <ClCompile Include="src\minecraft\entity\Entity\Entity.cpp">
      <Filter>Source Files</Filter>
    </ClCompile>
    <ClCompile Include="src\minecraft\client\WorldClient\WorldClient.cpp">
      <Filter>Source Files</Filter>
    </ClCompile>
    <ClCompile Include="src\minecraft\util\IChatComponent\IChatComponent.cpp">
      <Filter>Source Files</Filter>
    </ClCompile>
    <ClCompile Include="src\minecraft\world\World\World.cpp">
      <Filter>Source Files</Filter>
    </ClCompile>
    <ClCompile Include="src\minecraft\client\multiplayer\PlayerControllerMP\PlayerControllerMP.cpp">
      <Filter>Source Files</Filter>
    </ClCompile>
    <ClCompile Include="src\minecraft\client\renderer\ActiveRenderInfo\ActiveRenderInfo.cpp">
      <Filter>Source Files</Filter>
    </ClCompile>
    <ClCompile Include="src\java\util\List.cpp">
      <Filter>Source Files</Filter>
    </ClCompile>
    <ClCompile Include="src\cache\cache.cpp">
      <Filter>Source Files</Filter>
    </ClCompile>
    <ClCompile Include="src\minecraft\util\Timer\Timer.cpp">
      <Filter>Source Files</Filter>
    </ClCompile>
    <ClCompile Include="src\java\lang\String.cpp">
      <Filter>Source Files</Filter>
    </ClCompile>
    <ClCompile Include="src\minecraft\client\renderer\entity\Render\Render.cpp">
      <Filter>Source Files</Filter>
    </ClCompile>
    <ClCompile Include="src\hooks\jhk_renderName.cpp">
      <Filter>Source Files</Filter>
    </ClCompile>
    <ClCompile Include="src\minecraft\client\renderer\entity\RenderPlayer\RenderPlayer.cpp">
      <Filter>Source Files</Filter>
    </ClCompile>
    <ClCompile Include="src\minecraft\client\renderer\entity\RenderLivingEntity\RenderLivingEntity.cpp">
      <Filter>Source Files</Filter>
    </ClCompile>
    <ClCompile Include="src\minecraft\client\entity\EntityOtherPlayerMP\EntityOtherPlayerMP.cpp">
      <Filter>Source Files</Filter>
    </ClCompile>
    <ClCompile Include="src\minecraft\client\entity\AbstractClientPlayer\AbstractClientPlayer.cpp">
      <Filter>Source Files</Filter>
    </ClCompile>
    <ClCompile Include="src\hooks\jhk_runTick.cpp">
      <Filter>Source Files</Filter>
    </ClCompile>
    <ClCompile Include="src\util\math\mathutils.cpp">
      <Filter>Source Files</Filter>
    </ClCompile>
    <ClCompile Include="src\java\nio\FloatBuffer\FloatBuffer.cpp">
      <Filter>Source Files</Filter>
    </ClCompile>
    <ClCompile Include="src\java\lang\Class.cpp">
      <Filter>Source Files</Filter>
    </ClCompile>
    <ClCompile Include="src\java\nio\DirectFloatBufferU\DirectFloatBufferU.cpp">
      <Filter>Source Files</Filter>
    </ClCompile>
    <ClCompile Include="src\java\nio\DirectIntBufferU\DirectIntBufferU.cpp">
      <Filter>Source Files</Filter>
    </ClCompile>
    <ClCompile Include="src\java\nio\IntBuffer\IntBuffer.cpp">
      <Filter>Source Files</Filter>
    </ClCompile>
    <ClCompile Include="src\minecraft\util\Vec3\Vec3.cpp">
      <Filter>Source Files</Filter>
    </ClCompile>
    <ClCompile Include="src\minecraft\client\renderer\entity\RenderManager\RenderManager.cpp">
      <Filter>Source Files</Filter>
    </ClCompile>
  </ItemGroup>
</Project>